
Microsoft Visual Studio Solution File, Format Version 12.00
# Visual Studio Version 17
VisualStudioVersion = 17.5.33424.131
MinimumVisualStudioVersion = 10.0.40219.1
Project("{9A19103F-16F7-4668-BE54-9A1E7A4F7556}") = "MyTimer", "MyTimer\MyTimer.csproj", "{EDAD5358-1977-42A2-A203-FF2FC789A267}"
EndProject
Project("{9A19103F-16F7-4668-BE54-9A1E7A4F7556}") = "Test", "Test\Test.csproj", "{C7A9EF47-9310-4077-86E3-2321976CBE6E}"
EndProject
Global
	GlobalSection(SolutionConfigurationPlatforms) = preSolution
		Debug|Any CPU = Debug|Any CPU
		Release|Any CPU = Release|Any CPU
	EndGlobalSection
	GlobalSection(ProjectConfigurationPlatforms) = postSolution
		{EDAD5358-1977-42A2-A203-FF2FC789A267}.Debug|Any CPU.ActiveCfg = Debug|Any CPU
		{EDAD5358-1977-42A2-A203-FF2FC789A267}.Debug|Any CPU.Build.0 = Debug|Any CPU
		{EDAD5358-1977-42A2-A203-FF2FC789A267}.Release|Any CPU.ActiveCfg = Release|Any CPU
		{EDAD5358-1977-42A2-A203-FF2FC789A267}.Release|Any CPU.Build.0 = Release|Any CPU
		{C7A9EF47-9310-4077-86E3-2321976CBE6E}.Debug|Any CPU.ActiveCfg = Debug|Any CPU
		{C7A9EF47-9310-4077-86E3-2321976CBE6E}.Debug|Any CPU.Build.0 = Debug|Any CPU
		{C7A9EF47-9310-4077-86E3-2321976CBE6E}.Release|Any CPU.ActiveCfg = Release|Any CPU
		{C7A9EF47-9310-4077-86E3-2321976CBE6E}.Release|Any CPU.Build.0 = Release|Any CPU
	EndGlobalSection
	GlobalSection(SolutionProperties) = preSolution
		HideSolutionNode = FALSE
	EndGlobalSection
	GlobalSection(ExtensibilityGlobals) = postSolution
		SolutionGuid = {71613981-A0E1-4566-9AA0-58949CFC409D}
	EndGlobalSection
EndGlobal
