
Microsoft Visual Studio Solution File, Format Version 12.00
# Visual Studio Version 17
VisualStudioVersion = 17.5.33424.131
MinimumVisualStudioVersion = 10.0.40219.1
Project("{FAE04EC0-301F-11D3-BF4B-00C04F79EFBC}") = "MyTimer", "MyTimer.csproj", "{C5B2E581-A040-4D60-BB09-4398F03B087A}"
EndProject
Project("{FAE04EC0-301F-11D3-BF4B-00C04F79EFBC}") = "Test", "..\Test\Test.csproj", "{E5592969-E31C-432A-9AA7-2C47FDFA160D}"
EndProject
Global
	GlobalSection(SolutionConfigurationPlatforms) = preSolution
		Debug|Any CPU = Debug|Any CPU
		Release|Any CPU = Release|Any CPU
	EndGlobalSection
	GlobalSection(ProjectConfigurationPlatforms) = postSolution
		{C5B2E581-A040-4D60-BB09-4398F03B087A}.Debug|Any CPU.ActiveCfg = Debug|Any CPU
		{C5B2E581-A040-4D60-BB09-4398F03B087A}.Debug|Any CPU.Build.0 = Debug|Any CPU
		{C5B2E581-A040-4D60-BB09-4398F03B087A}.Release|Any CPU.ActiveCfg = Release|Any CPU
		{C5B2E581-A040-4D60-BB09-4398F03B087A}.Release|Any CPU.Build.0 = Release|Any CPU
		{E5592969-E31C-432A-9AA7-2C47FDFA160D}.Debug|Any CPU.ActiveCfg = Debug|Any CPU
		{E5592969-E31C-432A-9AA7-2C47FDFA160D}.Debug|Any CPU.Build.0 = Debug|Any CPU
		{E5592969-E31C-432A-9AA7-2C47FDFA160D}.Release|Any CPU.ActiveCfg = Release|Any CPU
		{E5592969-E31C-432A-9AA7-2C47FDFA160D}.Release|Any CPU.Build.0 = Release|Any CPU
	EndGlobalSection
	GlobalSection(SolutionProperties) = preSolution
		HideSolutionNode = FALSE
	EndGlobalSection
	GlobalSection(ExtensibilityGlobals) = postSolution
		SolutionGuid = {71613981-A0E1-4566-9AA0-58949CFC409D}
	EndGlobalSection
EndGlobal
